
Microsoft Visual Studio Solution File, Format Version 12.00
# Visual Studio Version 17
VisualStudioVersion = 17.14.36429.23 d17.14
MinimumVisualStudioVersion = 10.0.40219.1
Project("{FAE04EC0-301F-11D3-BF4B-00C04F79EFBC}") = "game10003-git-excercise-2", "game10003-git-excercise-2.csproj", "{3726FD45-2E82-40E6-9AA5-E08BB3C49C62}"
EndProject
Global
	GlobalSection(SolutionConfigurationPlatforms) = preSolution
		Debug|Any CPU = Debug|Any CPU
		Release|Any CPU = Release|Any CPU
	EndGlobalSection
	GlobalSection(ProjectConfigurationPlatforms) = postSolution
		{3726FD45-2E82-40E6-9AA5-E08BB3C49C62}.Debug|Any CPU.ActiveCfg = Debug|Any CPU
		{3726FD45-2E82-40E6-9AA5-E08BB3C49C62}.Debug|Any CPU.Build.0 = Debug|Any CPU
		{3726FD45-2E82-40E6-9AA5-E08BB3C49C62}.Release|Any CPU.ActiveCfg = Release|Any CPU
		{3726FD45-2E82-40E6-9AA5-E08BB3C49C62}.Release|Any CPU.Build.0 = Release|Any CPU
	EndGlobalSection
	GlobalSection(SolutionProperties) = preSolution
		HideSolutionNode = FALSE
	EndGlobalSection
	GlobalSection(ExtensibilityGlobals) = postSolution
		SolutionGuid = {6B66CDC1-C14E-45BC-8812-F1F8987054D0}
	EndGlobalSection
EndGlobal
